
Microsoft Visual Studio Solution File, Format Version 12.00
# Visual Studio Version 17
VisualStudioVersion = 17.7.34202.233
MinimumVisualStudioVersion = 10.0.40219.1
Project("{FAE04EC0-301F-11D3-BF4B-00C04F79EFBC}") = "dz23.03", "dz23.03\dz23.03.csproj", "{74F8B927-BE22-46D9-AD1F-9B2711DDBD38}"
EndProject
Global
	GlobalSection(SolutionConfigurationPlatforms) = preSolution
		Debug|Any CPU = Debug|Any CPU
		Release|Any CPU = Release|Any CPU
	EndGlobalSection
	GlobalSection(ProjectConfigurationPlatforms) = postSolution
		{74F8B927-BE22-46D9-AD1F-9B2711DDBD38}.Debug|Any CPU.ActiveCfg = Debug|Any CPU
		{74F8B927-BE22-46D9-AD1F-9B2711DDBD38}.Debug|Any CPU.Build.0 = Debug|Any CPU
		{74F8B927-BE22-46D9-AD1F-9B2711DDBD38}.Release|Any CPU.ActiveCfg = Release|Any CPU
		{74F8B927-BE22-46D9-AD1F-9B2711DDBD38}.Release|Any CPU.Build.0 = Release|Any CPU
	EndGlobalSection
	GlobalSection(SolutionProperties) = preSolution
		HideSolutionNode = FALSE
	EndGlobalSection
	GlobalSection(ExtensibilityGlobals) = postSolution
		SolutionGuid = {37601675-C7A6-464E-A663-F3E4CD0095A4}
	EndGlobalSection
EndGlobal
